
Microsoft Visual Studio Solution File, Format Version 12.00
# Visual Studio Version 17
VisualStudioVersion = 17.11.35312.102
MinimumVisualStudioVersion = 10.0.40219.1
Project("{FAE04EC0-301F-11D3-BF4B-00C04F79EFBC}") = "API", "API.csproj", "{75FC31A2-39C0-4AEF-A0A7-368EB024EF61}"
EndProject
Global
	GlobalSection(SolutionConfigurationPlatforms) = preSolution
		Debug|Any CPU = Debug|Any CPU
		Release|Any CPU = Release|Any CPU
	EndGlobalSection
	GlobalSection(ProjectConfigurationPlatforms) = postSolution
		{75FC31A2-39C0-4AEF-A0A7-368EB024EF61}.Debug|Any CPU.ActiveCfg = Debug|Any CPU
		{75FC31A2-39C0-4AEF-A0A7-368EB024EF61}.Debug|Any CPU.Build.0 = Debug|Any CPU
		{75FC31A2-39C0-4AEF-A0A7-368EB024EF61}.Release|Any CPU.ActiveCfg = Release|Any CPU
		{75FC31A2-39C0-4AEF-A0A7-368EB024EF61}.Release|Any CPU.Build.0 = Release|Any CPU
	EndGlobalSection
	GlobalSection(SolutionProperties) = preSolution
		HideSolutionNode = FALSE
	EndGlobalSection
	GlobalSection(ExtensibilityGlobals) = postSolution
		SolutionGuid = {5ACBBD35-9042-42F5-8FC7-D66DBF8FD011}
	EndGlobalSection
EndGlobal
